
Microsoft Visual Studio Solution File, Format Version 12.00
# Visual Studio Version 17
VisualStudioVersion = 17.4.33122.133
MinimumVisualStudioVersion = 10.0.40219.1
Project("{FAE04EC0-301F-11D3-BF4B-00C04F79EFBC}") = "Discord.Example.ListViewRemove.WPF", "Discord.Example.ListViewRemove.WPF\Discord.Example.ListViewRemove.WPF.csproj", "{C314AC83-8B62-4ABF-AC9C-3CA83CE9CC20}"
EndProject
Global
	GlobalSection(SolutionConfigurationPlatforms) = preSolution
		Debug|Any CPU = Debug|Any CPU
		Release|Any CPU = Release|Any CPU
	EndGlobalSection
	GlobalSection(ProjectConfigurationPlatforms) = postSolution
		{C314AC83-8B62-4ABF-AC9C-3CA83CE9CC20}.Debug|Any CPU.ActiveCfg = Debug|Any CPU
		{C314AC83-8B62-4ABF-AC9C-3CA83CE9CC20}.Debug|Any CPU.Build.0 = Debug|Any CPU
		{C314AC83-8B62-4ABF-AC9C-3CA83CE9CC20}.Release|Any CPU.ActiveCfg = Release|Any CPU
		{C314AC83-8B62-4ABF-AC9C-3CA83CE9CC20}.Release|Any CPU.Build.0 = Release|Any CPU
	EndGlobalSection
	GlobalSection(SolutionProperties) = preSolution
		HideSolutionNode = FALSE
	EndGlobalSection
	GlobalSection(ExtensibilityGlobals) = postSolution
		SolutionGuid = {B035BA58-EC41-41A6-B4C2-211C40D60ECB}
	EndGlobalSection
EndGlobal
